
Microsoft Visual Studio Solution File, Format Version 12.00
# Visual Studio Version 16
VisualStudioVersion = 16.0.32630.194
MinimumVisualStudioVersion = 10.0.40219.1
Project("{FAE04EC0-301F-11D3-BF4B-00C04F79EFBC}") = "BloodDonation", "BloodDonation\BloodDonation.csproj", "{DBF11579-6FC6-4E4A-AE43-C76E98548E21}"
EndProject
Global
	GlobalSection(SolutionConfigurationPlatforms) = preSolution
		Debug|Any CPU = Debug|Any CPU
		Release|Any CPU = Release|Any CPU
	EndGlobalSection
	GlobalSection(ProjectConfigurationPlatforms) = postSolution
		{DBF11579-6FC6-4E4A-AE43-C76E98548E21}.Debug|Any CPU.ActiveCfg = Debug|Any CPU
		{DBF11579-6FC6-4E4A-AE43-C76E98548E21}.Debug|Any CPU.Build.0 = Debug|Any CPU
		{DBF11579-6FC6-4E4A-AE43-C76E98548E21}.Release|Any CPU.ActiveCfg = Release|Any CPU
		{DBF11579-6FC6-4E4A-AE43-C76E98548E21}.Release|Any CPU.Build.0 = Release|Any CPU
	EndGlobalSection
	GlobalSection(SolutionProperties) = preSolution
		HideSolutionNode = FALSE
	EndGlobalSection
	GlobalSection(ExtensibilityGlobals) = postSolution
		SolutionGuid = {8A48957C-6777-4B18-AADD-F868D485C58E}
	EndGlobalSection
EndGlobal
